
Microsoft Visual Studio Solution File, Format Version 12.00
# Visual Studio Version 17
VisualStudioVersion = 17.6.33815.320
MinimumVisualStudioVersion = 10.0.40219.1
Project("{9A19103F-16F7-4668-BE54-9A1E7A4F7556}") = "Calculator", "Calculator\Calculator.csproj", "{D8251AD3-7236-4C5F-ABEC-B83F75111F1F}"
EndProject
Project("{FAE04EC0-301F-11D3-BF4B-00C04F79EFBC}") = "CalculatorLibrary", "CalculatorLibrary\CalculatorLibrary.csproj", "{E0682D3F-A9DB-47B8-84B7-8441F1B547FF}"
EndProject
Global
	GlobalSection(SolutionConfigurationPlatforms) = preSolution
		Debug|Any CPU = Debug|Any CPU
		Release|Any CPU = Release|Any CPU
	EndGlobalSection
	GlobalSection(ProjectConfigurationPlatforms) = postSolution
		{D8251AD3-7236-4C5F-ABEC-B83F75111F1F}.Debug|Any CPU.ActiveCfg = Debug|Any CPU
		{D8251AD3-7236-4C5F-ABEC-B83F75111F1F}.Debug|Any CPU.Build.0 = Debug|Any CPU
		{D8251AD3-7236-4C5F-ABEC-B83F75111F1F}.Release|Any CPU.ActiveCfg = Release|Any CPU
		{D8251AD3-7236-4C5F-ABEC-B83F75111F1F}.Release|Any CPU.Build.0 = Release|Any CPU
		{E0682D3F-A9DB-47B8-84B7-8441F1B547FF}.Debug|Any CPU.ActiveCfg = Debug|Any CPU
		{E0682D3F-A9DB-47B8-84B7-8441F1B547FF}.Debug|Any CPU.Build.0 = Debug|Any CPU
		{E0682D3F-A9DB-47B8-84B7-8441F1B547FF}.Release|Any CPU.ActiveCfg = Release|Any CPU
		{E0682D3F-A9DB-47B8-84B7-8441F1B547FF}.Release|Any CPU.Build.0 = Release|Any CPU
	EndGlobalSection
	GlobalSection(SolutionProperties) = preSolution
		HideSolutionNode = FALSE
	EndGlobalSection
	GlobalSection(ExtensibilityGlobals) = postSolution
		SolutionGuid = {410561B6-083C-46EB-9494-4BDAC0546148}
	EndGlobalSection
EndGlobal
